
Microsoft Visual Studio Solution File, Format Version 12.00
# Visual Studio 15
VisualStudioVersion = 15.0.33423.255
MinimumVisualStudioVersion = 10.0.40219.1
Project("{FAE04EC0-301F-11D3-BF4B-00C04F79EFBC}") = "PATCH.MGR", "PATCH.MGR\PATCH.MGR.csproj", "{75C9CF29-D1C4-4CFE-9ECE-993037D217D8}"
EndProject
Global
	GlobalSection(SolutionConfigurationPlatforms) = preSolution
		Debug|Any CPU = Debug|Any CPU
		Release|Any CPU = Release|Any CPU
	EndGlobalSection
	GlobalSection(ProjectConfigurationPlatforms) = postSolution
		{75C9CF29-D1C4-4CFE-9ECE-993037D217D8}.Debug|Any CPU.ActiveCfg = Debug|Any CPU
		{75C9CF29-D1C4-4CFE-9ECE-993037D217D8}.Debug|Any CPU.Build.0 = Debug|Any CPU
		{75C9CF29-D1C4-4CFE-9ECE-993037D217D8}.Release|Any CPU.ActiveCfg = Release|Any CPU
		{75C9CF29-D1C4-4CFE-9ECE-993037D217D8}.Release|Any CPU.Build.0 = Release|Any CPU
	EndGlobalSection
	GlobalSection(SolutionProperties) = preSolution
		HideSolutionNode = FALSE
	EndGlobalSection
	GlobalSection(ExtensibilityGlobals) = postSolution
		SolutionGuid = {28A115B2-27F6-4CB0-A4CA-B06B1FBBBAB1}
	EndGlobalSection
EndGlobal
